
Microsoft Visual Studio Solution File, Format Version 12.00
# Visual Studio 15
VisualStudioVersion = 15.0.28307.960
MinimumVisualStudioVersion = 10.0.40219.1
Project("{FAE04EC0-301F-11D3-BF4B-00C04F79EFBC}") = "DemoSample.Android", "DemoSample\DemoSample.Android\DemoSample.Android.csproj", "{15AF3289-E743-48B6-B40C-163558DCA802}"
EndProject
Project("{FAE04EC0-301F-11D3-BF4B-00C04F79EFBC}") = "DemoSample.iOS", "DemoSample\DemoSample.iOS\DemoSample.iOS.csproj", "{4514043D-15EE-4E9A-823D-A8F44E3E7432}"
EndProject
Project("{FAE04EC0-301F-11D3-BF4B-00C04F79EFBC}") = "DemoSample", "DemoSample\DemoSample\DemoSample.csproj", "{FF2885EC-BD4F-48A4-AC9B-197BAE89AE3B}"
EndProject
Global
	GlobalSection(SolutionConfigurationPlatforms) = preSolution
		Ad-Hoc|Any CPU = Ad-Hoc|Any CPU
		Ad-Hoc|iPhone = Ad-Hoc|iPhone
		Ad-Hoc|iPhoneSimulator = Ad-Hoc|iPhoneSimulator
		AppStore|Any CPU = AppStore|Any CPU
		AppStore|iPhone = AppStore|iPhone
		AppStore|iPhoneSimulator = AppStore|iPhoneSimulator
		Debug|Any CPU = Debug|Any CPU
		Debug|iPhone = Debug|iPhone
		Debug|iPhoneSimulator = Debug|iPhoneSimulator
		Release|Any CPU = Release|Any CPU
		Release|iPhone = Release|iPhone
		Release|iPhoneSimulator = Release|iPhoneSimulator
	EndGlobalSection
	GlobalSection(ProjectConfigurationPlatforms) = postSolution
		{15AF3289-E743-48B6-B40C-163558DCA802}.Ad-Hoc|Any CPU.ActiveCfg = Release|Any CPU
		{15AF3289-E743-48B6-B40C-163558DCA802}.Ad-Hoc|Any CPU.Build.0 = Release|Any CPU
		{15AF3289-E743-48B6-B40C-163558DCA802}.Ad-Hoc|Any CPU.Deploy.0 = Release|Any CPU
		{15AF3289-E743-48B6-B40C-163558DCA802}.Ad-Hoc|iPhone.ActiveCfg = Release|Any CPU
		{15AF3289-E743-48B6-B40C-163558DCA802}.Ad-Hoc|iPhone.Build.0 = Release|Any CPU
		{15AF3289-E743-48B6-B40C-163558DCA802}.Ad-Hoc|iPhone.Deploy.0 = Release|Any CPU
		{15AF3289-E743-48B6-B40C-163558DCA802}.Ad-Hoc|iPhoneSimulator.ActiveCfg = Release|Any CPU
		{15AF3289-E743-48B6-B40C-163558DCA802}.Ad-Hoc|iPhoneSimulator.Build.0 = Release|Any CPU
		{15AF3289-E743-48B6-B40C-163558DCA802}.Ad-Hoc|iPhoneSimulator.Deploy.0 = Release|Any CPU
		{15AF3289-E743-48B6-B40C-163558DCA802}.AppStore|Any CPU.ActiveCfg = Release|Any CPU
		{15AF3289-E743-48B6-B40C-163558DCA802}.AppStore|Any CPU.Build.0 = Release|Any CPU
		{15AF3289-E743-48B6-B40C-163558DCA802}.AppStore|Any CPU.Deploy.0 = Release|Any CPU
		{15AF3289-E743-48B6-B40C-163558DCA802}.AppStore|iPhone.ActiveCfg = Release|Any CPU
		{15AF3289-E743-48B6-B40C-163558DCA802}.AppStore|iPhone.Build.0 = Release|Any CPU
		{15AF3289-E743-48B6-B40C-163558DCA802}.AppStore|iPhone.Deploy.0 = Release|Any CPU
		{15AF3289-E743-48B6-B40C-163558DCA802}.AppStore|iPhoneSimulator.ActiveCfg = Release|Any CPU
		{15AF3289-E743-48B6-B40C-163558DCA802}.AppStore|iPhoneSimulator.Build.0 = Release|Any CPU
		{15AF3289-E743-48B6-B40C-163558DCA802}.AppStore|iPhoneSimulator.Deploy.0 = Release|Any CPU
		{15AF3289-E743-48B6-B40C-163558DCA802}.Debug|Any CPU.ActiveCfg = Debug|Any CPU
		{15AF3289-E743-48B6-B40C-163558DCA802}.Debug|Any CPU.Build.0 = Debug|Any CPU
		{15AF3289-E743-48B6-B40C-163558DCA802}.Debug|Any CPU.Deploy.0 = Debug|Any CPU
		{15AF3289-E743-48B6-B40C-163558DCA802}.Debug|iPhone.ActiveCfg = Debug|Any CPU
		{15AF3289-E743-48B6-B40C-163558DCA802}.Debug|iPhone.Build.0 = Debug|Any CPU
		{15AF3289-E743-48B6-B40C-163558DCA802}.Debug|iPhone.Deploy.0 = Debug|Any CPU
		{15AF3289-E743-48B6-B40C-163558DCA802}.Debug|iPhoneSimulator.ActiveCfg = Debug|Any CPU
		{15AF3289-E743-48B6-B40C-163558DCA802}.Debug|iPhoneSimulator.Build.0 = Debug|Any CPU
		{15AF3289-E743-48B6-B40C-163558DCA802}.Debug|iPhoneSimulator.Deploy.0 = Debug|Any CPU
		{15AF3289-E743-48B6-B40C-163558DCA802}.Release|Any CPU.ActiveCfg = Release|Any CPU
		{15AF3289-E743-48B6-B40C-163558DCA802}.Release|Any CPU.Build.0 = Release|Any CPU
		{15AF3289-E743-48B6-B40C-163558DCA802}.Release|Any CPU.Deploy.0 = Release|Any CPU
		{15AF3289-E743-48B6-B40C-163558DCA802}.Release|iPhone.ActiveCfg = Release|Any CPU
		{15AF3289-E743-48B6-B40C-163558DCA802}.Release|iPhone.Build.0 = Release|Any CPU
		{15AF3289-E743-48B6-B40C-163558DCA802}.Release|iPhone.Deploy.0 = Release|Any CPU
		{15AF3289-E743-48B6-B40C-163558DCA802}.Release|iPhoneSimulator.ActiveCfg = Release|Any CPU
		{15AF3289-E743-48B6-B40C-163558DCA802}.Release|iPhoneSimulator.Build.0 = Release|Any CPU
		{15AF3289-E743-48B6-B40C-163558DCA802}.Release|iPhoneSimulator.Deploy.0 = Release|Any CPU
		{4514043D-15EE-4E9A-823D-A8F44E3E7432}.Ad-Hoc|Any CPU.ActiveCfg = Ad-Hoc|iPhone
		{4514043D-15EE-4E9A-823D-A8F44E3E7432}.Ad-Hoc|Any CPU.Build.0 = Ad-Hoc|iPhone
		{4514043D-15EE-4E9A-823D-A8F44E3E7432}.Ad-Hoc|Any CPU.Deploy.0 = Ad-Hoc|iPhone
		{4514043D-15EE-4E9A-823D-A8F44E3E7432}.Ad-Hoc|iPhone.ActiveCfg = Ad-Hoc|iPhone
		{4514043D-15EE-4E9A-823D-A8F44E3E7432}.Ad-Hoc|iPhone.Build.0 = Ad-Hoc|iPhone
		{4514043D-15EE-4E9A-823D-A8F44E3E7432}.Ad-Hoc|iPhone.Deploy.0 = Ad-Hoc|iPhone
		{4514043D-15EE-4E9A-823D-A8F44E3E7432}.Ad-Hoc|iPhoneSimulator.ActiveCfg = Ad-Hoc|iPhoneSimulator
		{4514043D-15EE-4E9A-823D-A8F44E3E7432}.Ad-Hoc|iPhoneSimulator.Build.0 = Ad-Hoc|iPhoneSimulator
		{4514043D-15EE-4E9A-823D-A8F44E3E7432}.Ad-Hoc|iPhoneSimulator.Deploy.0 = Ad-Hoc|iPhoneSimulator
		{4514043D-15EE-4E9A-823D-A8F44E3E7432}.AppStore|Any CPU.ActiveCfg = AppStore|iPhone
		{4514043D-15EE-4E9A-823D-A8F44E3E7432}.AppStore|Any CPU.Build.0 = AppStore|iPhone
		{4514043D-15EE-4E9A-823D-A8F44E3E7432}.AppStore|Any CPU.Deploy.0 = AppStore|iPhone
		{4514043D-15EE-4E9A-823D-A8F44E3E7432}.AppStore|iPhone.ActiveCfg = AppStore|iPhone
		{4514043D-15EE-4E9A-823D-A8F44E3E7432}.AppStore|iPhone.Build.0 = AppStore|iPhone
		{4514043D-15EE-4E9A-823D-A8F44E3E7432}.AppStore|iPhone.Deploy.0 = AppStore|iPhone
		{4514043D-15EE-4E9A-823D-A8F44E3E7432}.AppStore|iPhoneSimulator.ActiveCfg = AppStore|iPhoneSimulator
		{4514043D-15EE-4E9A-823D-A8F44E3E7432}.AppStore|iPhoneSimulator.Build.0 = AppStore|iPhoneSimulator
		{4514043D-15EE-4E9A-823D-A8F44E3E7432}.AppStore|iPhoneSimulator.Deploy.0 = AppStore|iPhoneSimulator
		{4514043D-15EE-4E9A-823D-A8F44E3E7432}.Debug|Any CPU.ActiveCfg = Debug|iPhoneSimulator
		{4514043D-15EE-4E9A-823D-A8F44E3E7432}.Debug|Any CPU.Build.0 = Debug|iPhoneSimulator
		{4514043D-15EE-4E9A-823D-A8F44E3E7432}.Debug|Any CPU.Deploy.0 = Debug|iPhoneSimulator
		{4514043D-15EE-4E9A-823D-A8F44E3E7432}.Debug|iPhone.ActiveCfg = Debug|iPhone
		{4514043D-15EE-4E9A-823D-A8F44E3E7432}.Debug|iPhone.Build.0 = Debug|iPhone
		{4514043D-15EE-4E9A-823D-A8F44E3E7432}.Debug|iPhone.Deploy.0 = Debug|iPhone
		{4514043D-15EE-4E9A-823D-A8F44E3E7432}.Debug|iPhoneSimulator.ActiveCfg = Debug|iPhoneSimulator
		{4514043D-15EE-4E9A-823D-A8F44E3E7432}.Debug|iPhoneSimulator.Build.0 = Debug|iPhoneSimulator
		{4514043D-15EE-4E9A-823D-A8F44E3E7432}.Debug|iPhoneSimulator.Deploy.0 = Debug|iPhoneSimulator
		{4514043D-15EE-4E9A-823D-A8F44E3E7432}.Release|Any CPU.ActiveCfg = Release|iPhone
		{4514043D-15EE-4E9A-823D-A8F44E3E7432}.Release|Any CPU.Build.0 = Release|iPhone
		{4514043D-15EE-4E9A-823D-A8F44E3E7432}.Release|Any CPU.Deploy.0 = Release|iPhone
		{4514043D-15EE-4E9A-823D-A8F44E3E7432}.Release|iPhone.ActiveCfg = Release|iPhone
		{4514043D-15EE-4E9A-823D-A8F44E3E7432}.Release|iPhone.Build.0 = Release|iPhone
		{4514043D-15EE-4E9A-823D-A8F44E3E7432}.Release|iPhone.Deploy.0 = Release|iPhone
		{4514043D-15EE-4E9A-823D-A8F44E3E7432}.Release|iPhoneSimulator.ActiveCfg = Release|iPhoneSimulator
		{4514043D-15EE-4E9A-823D-A8F44E3E7432}.Release|iPhoneSimulator.Build.0 = Release|iPhoneSimulator
		{4514043D-15EE-4E9A-823D-A8F44E3E7432}.Release|iPhoneSimulator.Deploy.0 = Release|iPhoneSimulator
		{FF2885EC-BD4F-48A4-AC9B-197BAE89AE3B}.Ad-Hoc|Any CPU.ActiveCfg = Debug|Any CPU
		{FF2885EC-BD4F-48A4-AC9B-197BAE89AE3B}.Ad-Hoc|Any CPU.Build.0 = Debug|Any CPU
		{FF2885EC-BD4F-48A4-AC9B-197BAE89AE3B}.Ad-Hoc|Any CPU.Deploy.0 = Debug|Any CPU
		{FF2885EC-BD4F-48A4-AC9B-197BAE89AE3B}.Ad-Hoc|iPhone.ActiveCfg = Debug|Any CPU
		{FF2885EC-BD4F-48A4-AC9B-197BAE89AE3B}.Ad-Hoc|iPhone.Build.0 = Debug|Any CPU
		{FF2885EC-BD4F-48A4-AC9B-197BAE89AE3B}.Ad-Hoc|iPhone.Deploy.0 = Debug|Any CPU
		{FF2885EC-BD4F-48A4-AC9B-197BAE89AE3B}.Ad-Hoc|iPhoneSimulator.ActiveCfg = Debug|Any CPU
		{FF2885EC-BD4F-48A4-AC9B-197BAE89AE3B}.Ad-Hoc|iPhoneSimulator.Build.0 = Debug|Any CPU
		{FF2885EC-BD4F-48A4-AC9B-197BAE89AE3B}.Ad-Hoc|iPhoneSimulator.Deploy.0 = Debug|Any CPU
		{FF2885EC-BD4F-48A4-AC9B-197BAE89AE3B}.AppStore|Any CPU.ActiveCfg = Debug|Any CPU
		{FF2885EC-BD4F-48A4-AC9B-197BAE89AE3B}.AppStore|Any CPU.Build.0 = Debug|Any CPU
		{FF2885EC-BD4F-48A4-AC9B-197BAE89AE3B}.AppStore|Any CPU.Deploy.0 = Debug|Any CPU
		{FF2885EC-BD4F-48A4-AC9B-197BAE89AE3B}.AppStore|iPhone.ActiveCfg = Debug|Any CPU
		{FF2885EC-BD4F-48A4-AC9B-197BAE89AE3B}.AppStore|iPhone.Build.0 = Debug|Any CPU
		{FF2885EC-BD4F-48A4-AC9B-197BAE89AE3B}.AppStore|iPhone.Deploy.0 = Debug|Any CPU
		{FF2885EC-BD4F-48A4-AC9B-197BAE89AE3B}.AppStore|iPhoneSimulator.ActiveCfg = Debug|Any CPU
		{FF2885EC-BD4F-48A4-AC9B-197BAE89AE3B}.AppStore|iPhoneSimulator.Build.0 = Debug|Any CPU
		{FF2885EC-BD4F-48A4-AC9B-197BAE89AE3B}.AppStore|iPhoneSimulator.Deploy.0 = Debug|Any CPU
		{FF2885EC-BD4F-48A4-AC9B-197BAE89AE3B}.Debug|Any CPU.ActiveCfg = Debug|Any CPU
		{FF2885EC-BD4F-48A4-AC9B-197BAE89AE3B}.Debug|Any CPU.Build.0 = Debug|Any CPU
		{FF2885EC-BD4F-48A4-AC9B-197BAE89AE3B}.Debug|Any CPU.Deploy.0 = Debug|Any CPU
		{FF2885EC-BD4F-48A4-AC9B-197BAE89AE3B}.Debug|iPhone.ActiveCfg = Debug|Any CPU
		{FF2885EC-BD4F-48A4-AC9B-197BAE89AE3B}.Debug|iPhone.Build.0 = Debug|Any CPU
		{FF2885EC-BD4F-48A4-AC9B-197BAE89AE3B}.Debug|iPhone.Deploy.0 = Debug|Any CPU
		{FF2885EC-BD4F-48A4-AC9B-197BAE89AE3B}.Debug|iPhoneSimulator.ActiveCfg = Debug|Any CPU
		{FF2885EC-BD4F-48A4-AC9B-197BAE89AE3B}.Debug|iPhoneSimulator.Build.0 = Debug|Any CPU
		{FF2885EC-BD4F-48A4-AC9B-197BAE89AE3B}.Debug|iPhoneSimulator.Deploy.0 = Debug|Any CPU
		{FF2885EC-BD4F-48A4-AC9B-197BAE89AE3B}.Release|Any CPU.ActiveCfg = Release|Any CPU
		{FF2885EC-BD4F-48A4-AC9B-197BAE89AE3B}.Release|Any CPU.Build.0 = Release|Any CPU
		{FF2885EC-BD4F-48A4-AC9B-197BAE89AE3B}.Release|Any CPU.Deploy.0 = Release|Any CPU
		{FF2885EC-BD4F-48A4-AC9B-197BAE89AE3B}.Release|iPhone.ActiveCfg = Release|Any CPU
		{FF2885EC-BD4F-48A4-AC9B-197BAE89AE3B}.Release|iPhone.Build.0 = Release|Any CPU
		{FF2885EC-BD4F-48A4-AC9B-197BAE89AE3B}.Release|iPhone.Deploy.0 = Release|Any CPU
		{FF2885EC-BD4F-48A4-AC9B-197BAE89AE3B}.Release|iPhoneSimulator.ActiveCfg = Release|Any CPU
		{FF2885EC-BD4F-48A4-AC9B-197BAE89AE3B}.Release|iPhoneSimulator.Build.0 = Release|Any CPU
		{FF2885EC-BD4F-48A4-AC9B-197BAE89AE3B}.Release|iPhoneSimulator.Deploy.0 = Release|Any CPU
	EndGlobalSection
	GlobalSection(SolutionProperties) = preSolution
		HideSolutionNode = FALSE
	EndGlobalSection
	GlobalSection(ExtensibilityGlobals) = postSolution
		SolutionGuid = {537DE426-D58E-4D4A-99FF-BACBF272199A}
	EndGlobalSection
EndGlobal
